
Microsoft Visual Studio Solution File, Format Version 12.00
# Visual Studio Version 17
VisualStudioVersion = 17.2.32616.157
MinimumVisualStudioVersion = 10.0.40219.1
Project("{2150E333-8FDC-42A3-9474-1A3956D46DE8}") = "Business", "Business", "{54E2F264-73D2-4A6D-9107-8E04E5B84054}"
EndProject
Project("{2150E333-8FDC-42A3-9474-1A3956D46DE8}") = "Authentication", "Authentication", "{16250527-4564-4F45-B75E-6559721C2732}"
EndProject
Project("{2150E333-8FDC-42A3-9474-1A3956D46DE8}") = "Package", "Package", "{0BA87689-3A23-4C76-9C49-A991E3BBB1C4}"
EndProject
Project("{2150E333-8FDC-42A3-9474-1A3956D46DE8}") = "Base", "Base", "{D1663499-0BF2-4A11-8D95-CC955C0F30B6}"
EndProject
Project("{9A19103F-16F7-4668-BE54-9A1E7A4F7556}") = "ApiWeb", "ApiWeb\ApiWeb.csproj", "{C5384BD2-E0D0-4C89-8A3F-79381D9F99B6}"
EndProject
Project("{9A19103F-16F7-4668-BE54-9A1E7A4F7556}") = "ApiPackage", "ApiPackage\ApiPackage.csproj", "{A7F8F81F-8E37-4473-B260-219A0FF25D4E}"
EndProject
Project("{2150E333-8FDC-42A3-9474-1A3956D46DE8}") = "Context", "Context", "{2DC2D492-C4DC-42AC-B53A-13AF5858B301}"
EndProject
Project("{9A19103F-16F7-4668-BE54-9A1E7A4F7556}") = "ApiWeb.ApiBroadcast", "ApiWeb.ApiBroadcast\ApiWeb.ApiBroadcast.csproj", "{63651BC4-3384-4DDA-8109-07304F34EB0C}"
EndProject
Project("{9A19103F-16F7-4668-BE54-9A1E7A4F7556}") = "ApiWeb.Logic", "ApiWeb.Logic\ApiWeb.Logic.csproj", "{5B82F76C-7399-4BFF-8DC1-35FF2A590C5B}"
EndProject
Project("{9A19103F-16F7-4668-BE54-9A1E7A4F7556}") = "ApiWeb.ApiContext", "ApiWeb.ApiContext\ApiWeb.ApiContext.csproj", "{9CA1008E-2534-4777-B467-828592901845}"
EndProject
Project("{9A19103F-16F7-4668-BE54-9A1E7A4F7556}") = "ApiWeb.GoogleOAuth", "ApiWeb.GoogleOAuth\ApiWeb.GoogleOAuth.csproj", "{E5D4701F-D369-489B-BEE2-EA2CD01C92AE}"
EndProject
Global
	GlobalSection(SolutionConfigurationPlatforms) = preSolution
		Debug|Any CPU = Debug|Any CPU
		Release|Any CPU = Release|Any CPU
	EndGlobalSection
	GlobalSection(ProjectConfigurationPlatforms) = postSolution
		{C5384BD2-E0D0-4C89-8A3F-79381D9F99B6}.Debug|Any CPU.ActiveCfg = Debug|Any CPU
		{C5384BD2-E0D0-4C89-8A3F-79381D9F99B6}.Debug|Any CPU.Build.0 = Debug|Any CPU
		{C5384BD2-E0D0-4C89-8A3F-79381D9F99B6}.Release|Any CPU.ActiveCfg = Release|Any CPU
		{C5384BD2-E0D0-4C89-8A3F-79381D9F99B6}.Release|Any CPU.Build.0 = Release|Any CPU
		{A7F8F81F-8E37-4473-B260-219A0FF25D4E}.Debug|Any CPU.ActiveCfg = Debug|Any CPU
		{A7F8F81F-8E37-4473-B260-219A0FF25D4E}.Debug|Any CPU.Build.0 = Debug|Any CPU
		{A7F8F81F-8E37-4473-B260-219A0FF25D4E}.Release|Any CPU.ActiveCfg = Release|Any CPU
		{A7F8F81F-8E37-4473-B260-219A0FF25D4E}.Release|Any CPU.Build.0 = Release|Any CPU
		{63651BC4-3384-4DDA-8109-07304F34EB0C}.Debug|Any CPU.ActiveCfg = Debug|Any CPU
		{63651BC4-3384-4DDA-8109-07304F34EB0C}.Debug|Any CPU.Build.0 = Debug|Any CPU
		{63651BC4-3384-4DDA-8109-07304F34EB0C}.Release|Any CPU.ActiveCfg = Release|Any CPU
		{63651BC4-3384-4DDA-8109-07304F34EB0C}.Release|Any CPU.Build.0 = Release|Any CPU
		{5B82F76C-7399-4BFF-8DC1-35FF2A590C5B}.Debug|Any CPU.ActiveCfg = Debug|Any CPU
		{5B82F76C-7399-4BFF-8DC1-35FF2A590C5B}.Debug|Any CPU.Build.0 = Debug|Any CPU
		{5B82F76C-7399-4BFF-8DC1-35FF2A590C5B}.Release|Any CPU.ActiveCfg = Release|Any CPU
		{5B82F76C-7399-4BFF-8DC1-35FF2A590C5B}.Release|Any CPU.Build.0 = Release|Any CPU
		{9CA1008E-2534-4777-B467-828592901845}.Debug|Any CPU.ActiveCfg = Debug|Any CPU
		{9CA1008E-2534-4777-B467-828592901845}.Debug|Any CPU.Build.0 = Debug|Any CPU
		{9CA1008E-2534-4777-B467-828592901845}.Release|Any CPU.ActiveCfg = Release|Any CPU
		{9CA1008E-2534-4777-B467-828592901845}.Release|Any CPU.Build.0 = Release|Any CPU
		{E5D4701F-D369-489B-BEE2-EA2CD01C92AE}.Debug|Any CPU.ActiveCfg = Debug|Any CPU
		{E5D4701F-D369-489B-BEE2-EA2CD01C92AE}.Debug|Any CPU.Build.0 = Debug|Any CPU
		{E5D4701F-D369-489B-BEE2-EA2CD01C92AE}.Release|Any CPU.ActiveCfg = Release|Any CPU
		{E5D4701F-D369-489B-BEE2-EA2CD01C92AE}.Release|Any CPU.Build.0 = Release|Any CPU
	EndGlobalSection
	GlobalSection(SolutionProperties) = preSolution
		HideSolutionNode = FALSE
	EndGlobalSection
	GlobalSection(NestedProjects) = preSolution
		{C5384BD2-E0D0-4C89-8A3F-79381D9F99B6} = {D1663499-0BF2-4A11-8D95-CC955C0F30B6}
		{A7F8F81F-8E37-4473-B260-219A0FF25D4E} = {0BA87689-3A23-4C76-9C49-A991E3BBB1C4}
		{63651BC4-3384-4DDA-8109-07304F34EB0C} = {54E2F264-73D2-4A6D-9107-8E04E5B84054}
		{5B82F76C-7399-4BFF-8DC1-35FF2A590C5B} = {54E2F264-73D2-4A6D-9107-8E04E5B84054}
		{9CA1008E-2534-4777-B467-828592901845} = {2DC2D492-C4DC-42AC-B53A-13AF5858B301}
		{E5D4701F-D369-489B-BEE2-EA2CD01C92AE} = {16250527-4564-4F45-B75E-6559721C2732}
	EndGlobalSection
	GlobalSection(ExtensibilityGlobals) = postSolution
		SolutionGuid = {B9098343-F6BF-446F-9012-3C92FAAE63B6}
	EndGlobalSection
EndGlobal
