
Microsoft Visual Studio Solution File, Format Version 12.00
# Visual Studio Version 17
VisualStudioVersion = 17.2.32616.157
MinimumVisualStudioVersion = 10.0.40219.1
Project("{2150E333-8FDC-42A3-9474-1A3956D46DE8}") = "Business", "Business", "{54E2F264-73D2-4A6D-9107-8E04E5B84054}"
EndProject
Project("{2150E333-8FDC-42A3-9474-1A3956D46DE8}") = "Authentication", "Authentication", "{16250527-4564-4F45-B75E-6559721C2732}"
EndProject
Project("{2150E333-8FDC-42A3-9474-1A3956D46DE8}") = "Package", "Package", "{0BA87689-3A23-4C76-9C49-A991E3BBB1C4}"
EndProject
Project("{2150E333-8FDC-42A3-9474-1A3956D46DE8}") = "Base", "Base", "{D1663499-0BF2-4A11-8D95-CC955C0F30B6}"
EndProject
Project("{9A19103F-16F7-4668-BE54-9A1E7A4F7556}") = "ApiWeb", "ApiWeb\ApiWeb.csproj", "{C5384BD2-E0D0-4C89-8A3F-79381D9F99B6}"
EndProject
Project("{9A19103F-16F7-4668-BE54-9A1E7A4F7556}") = "ApiPackage", "ApiPackage\ApiPackage.csproj", "{A7F8F81F-8E37-4473-B260-219A0FF25D4E}"
EndProject
Project("{2150E333-8FDC-42A3-9474-1A3956D46DE8}") = "Context", "Context", "{2DC2D492-C4DC-42AC-B53A-13AF5858B301}"
EndProject
Project("{9A19103F-16F7-4668-BE54-9A1E7A4F7556}") = "ApiWeb.ApiBroadcast", "ApiBroadcast\ApiWeb.ApiBroadcast.csproj", "{F692EB45-3919-4DF9-8D57-B1DA52622509}"
EndProject
Project("{9A19103F-16F7-4668-BE54-9A1E7A4F7556}") = "ApiWeb.Logic", "ApiLogic\ApiWeb.Logic.csproj", "{33634347-46ED-4506-B5BA-72C7160D611B}"
EndProject
Project("{9A19103F-16F7-4668-BE54-9A1E7A4F7556}") = "ApiWeb.GoogleOAuth", "GoogleOAuth\ApiWeb.GoogleOAuth.csproj", "{3700FAA4-AC56-49B9-9EA9-F335D7AD3C91}"
EndProject
Project("{9A19103F-16F7-4668-BE54-9A1E7A4F7556}") = "ApiWeb.ApiContext", "ApiContext\ApiWeb.ApiContext.csproj", "{666B0BDD-12CB-4418-896B-EC045532DCD9}"
EndProject
Global
	GlobalSection(SolutionConfigurationPlatforms) = preSolution
		Debug|Any CPU = Debug|Any CPU
		Release|Any CPU = Release|Any CPU
	EndGlobalSection
	GlobalSection(ProjectConfigurationPlatforms) = postSolution
		{C5384BD2-E0D0-4C89-8A3F-79381D9F99B6}.Debug|Any CPU.ActiveCfg = Debug|Any CPU
		{C5384BD2-E0D0-4C89-8A3F-79381D9F99B6}.Debug|Any CPU.Build.0 = Debug|Any CPU
		{C5384BD2-E0D0-4C89-8A3F-79381D9F99B6}.Release|Any CPU.ActiveCfg = Release|Any CPU
		{C5384BD2-E0D0-4C89-8A3F-79381D9F99B6}.Release|Any CPU.Build.0 = Release|Any CPU
		{A7F8F81F-8E37-4473-B260-219A0FF25D4E}.Debug|Any CPU.ActiveCfg = Debug|Any CPU
		{A7F8F81F-8E37-4473-B260-219A0FF25D4E}.Debug|Any CPU.Build.0 = Debug|Any CPU
		{A7F8F81F-8E37-4473-B260-219A0FF25D4E}.Release|Any CPU.ActiveCfg = Release|Any CPU
		{A7F8F81F-8E37-4473-B260-219A0FF25D4E}.Release|Any CPU.Build.0 = Release|Any CPU
		{F692EB45-3919-4DF9-8D57-B1DA52622509}.Debug|Any CPU.ActiveCfg = Debug|Any CPU
		{F692EB45-3919-4DF9-8D57-B1DA52622509}.Debug|Any CPU.Build.0 = Debug|Any CPU
		{F692EB45-3919-4DF9-8D57-B1DA52622509}.Release|Any CPU.ActiveCfg = Release|Any CPU
		{F692EB45-3919-4DF9-8D57-B1DA52622509}.Release|Any CPU.Build.0 = Release|Any CPU
		{33634347-46ED-4506-B5BA-72C7160D611B}.Debug|Any CPU.ActiveCfg = Debug|Any CPU
		{33634347-46ED-4506-B5BA-72C7160D611B}.Debug|Any CPU.Build.0 = Debug|Any CPU
		{33634347-46ED-4506-B5BA-72C7160D611B}.Release|Any CPU.ActiveCfg = Release|Any CPU
		{33634347-46ED-4506-B5BA-72C7160D611B}.Release|Any CPU.Build.0 = Release|Any CPU
		{3700FAA4-AC56-49B9-9EA9-F335D7AD3C91}.Debug|Any CPU.ActiveCfg = Debug|Any CPU
		{3700FAA4-AC56-49B9-9EA9-F335D7AD3C91}.Debug|Any CPU.Build.0 = Debug|Any CPU
		{3700FAA4-AC56-49B9-9EA9-F335D7AD3C91}.Release|Any CPU.ActiveCfg = Release|Any CPU
		{3700FAA4-AC56-49B9-9EA9-F335D7AD3C91}.Release|Any CPU.Build.0 = Release|Any CPU
		{666B0BDD-12CB-4418-896B-EC045532DCD9}.Debug|Any CPU.ActiveCfg = Debug|Any CPU
		{666B0BDD-12CB-4418-896B-EC045532DCD9}.Debug|Any CPU.Build.0 = Debug|Any CPU
		{666B0BDD-12CB-4418-896B-EC045532DCD9}.Release|Any CPU.ActiveCfg = Release|Any CPU
		{666B0BDD-12CB-4418-896B-EC045532DCD9}.Release|Any CPU.Build.0 = Release|Any CPU
	EndGlobalSection
	GlobalSection(SolutionProperties) = preSolution
		HideSolutionNode = FALSE
	EndGlobalSection
	GlobalSection(NestedProjects) = preSolution
		{C5384BD2-E0D0-4C89-8A3F-79381D9F99B6} = {D1663499-0BF2-4A11-8D95-CC955C0F30B6}
		{A7F8F81F-8E37-4473-B260-219A0FF25D4E} = {0BA87689-3A23-4C76-9C49-A991E3BBB1C4}
		{F692EB45-3919-4DF9-8D57-B1DA52622509} = {54E2F264-73D2-4A6D-9107-8E04E5B84054}
		{33634347-46ED-4506-B5BA-72C7160D611B} = {54E2F264-73D2-4A6D-9107-8E04E5B84054}
		{3700FAA4-AC56-49B9-9EA9-F335D7AD3C91} = {16250527-4564-4F45-B75E-6559721C2732}
		{666B0BDD-12CB-4418-896B-EC045532DCD9} = {2DC2D492-C4DC-42AC-B53A-13AF5858B301}
	EndGlobalSection
	GlobalSection(ExtensibilityGlobals) = postSolution
		SolutionGuid = {B9098343-F6BF-446F-9012-3C92FAAE63B6}
	EndGlobalSection
EndGlobal
